
Microsoft Visual Studio Solution File, Format Version 12.00
# Visual Studio Version 17
VisualStudioVersion = 17.10.34607.79
MinimumVisualStudioVersion = 10.0.40219.1
Project("{8BC9CEB8-8B4A-11D0-8D11-00A0C91BC942}") = "Struktur1", "Struktur1\Struktur1.vcxproj", "{63A8E882-6C9D-44EC-BA41-27445DBE8B18}"
EndProject
Project("{8BC9CEB8-8B4A-11D0-8D11-00A0C91BC942}") = "Struktur2", "Struktur2\Struktur2.vcxproj", "{546E04FB-6B9D-46B4-A879-509F8A909A51}"
EndProject
Project("{8BC9CEB8-8B4A-11D0-8D11-00A0C91BC942}") = "Struktur3", "Struktur3\Struktur3.vcxproj", "{E69102B7-D5DE-4B58-854F-1D107BD5EA72}"
EndProject
Global
	GlobalSection(SolutionConfigurationPlatforms) = preSolution
		Debug|x64 = Debug|x64
		Debug|x86 = Debug|x86
		Release|x64 = Release|x64
		Release|x86 = Release|x86
	EndGlobalSection
	GlobalSection(ProjectConfigurationPlatforms) = postSolution
		{63A8E882-6C9D-44EC-BA41-27445DBE8B18}.Debug|x64.ActiveCfg = Debug|x64
		{63A8E882-6C9D-44EC-BA41-27445DBE8B18}.Debug|x64.Build.0 = Debug|x64
		{63A8E882-6C9D-44EC-BA41-27445DBE8B18}.Debug|x86.ActiveCfg = Debug|Win32
		{63A8E882-6C9D-44EC-BA41-27445DBE8B18}.Debug|x86.Build.0 = Debug|Win32
		{63A8E882-6C9D-44EC-BA41-27445DBE8B18}.Release|x64.ActiveCfg = Release|x64
		{63A8E882-6C9D-44EC-BA41-27445DBE8B18}.Release|x64.Build.0 = Release|x64
		{63A8E882-6C9D-44EC-BA41-27445DBE8B18}.Release|x86.ActiveCfg = Release|Win32
		{63A8E882-6C9D-44EC-BA41-27445DBE8B18}.Release|x86.Build.0 = Release|Win32
		{546E04FB-6B9D-46B4-A879-509F8A909A51}.Debug|x64.ActiveCfg = Debug|x64
		{546E04FB-6B9D-46B4-A879-509F8A909A51}.Debug|x64.Build.0 = Debug|x64
		{546E04FB-6B9D-46B4-A879-509F8A909A51}.Debug|x86.ActiveCfg = Debug|Win32
		{546E04FB-6B9D-46B4-A879-509F8A909A51}.Debug|x86.Build.0 = Debug|Win32
		{546E04FB-6B9D-46B4-A879-509F8A909A51}.Release|x64.ActiveCfg = Release|x64
		{546E04FB-6B9D-46B4-A879-509F8A909A51}.Release|x64.Build.0 = Release|x64
		{546E04FB-6B9D-46B4-A879-509F8A909A51}.Release|x86.ActiveCfg = Release|Win32
		{546E04FB-6B9D-46B4-A879-509F8A909A51}.Release|x86.Build.0 = Release|Win32
		{E69102B7-D5DE-4B58-854F-1D107BD5EA72}.Debug|x64.ActiveCfg = Debug|x64
		{E69102B7-D5DE-4B58-854F-1D107BD5EA72}.Debug|x64.Build.0 = Debug|x64
		{E69102B7-D5DE-4B58-854F-1D107BD5EA72}.Debug|x86.ActiveCfg = Debug|Win32
		{E69102B7-D5DE-4B58-854F-1D107BD5EA72}.Debug|x86.Build.0 = Debug|Win32
		{E69102B7-D5DE-4B58-854F-1D107BD5EA72}.Release|x64.ActiveCfg = Release|x64
		{E69102B7-D5DE-4B58-854F-1D107BD5EA72}.Release|x64.Build.0 = Release|x64
		{E69102B7-D5DE-4B58-854F-1D107BD5EA72}.Release|x86.ActiveCfg = Release|Win32
		{E69102B7-D5DE-4B58-854F-1D107BD5EA72}.Release|x86.Build.0 = Release|Win32
	EndGlobalSection
	GlobalSection(SolutionProperties) = preSolution
		HideSolutionNode = FALSE
	EndGlobalSection
	GlobalSection(ExtensibilityGlobals) = postSolution
		SolutionGuid = {AF6DA0C0-3BBB-4CAF-8C88-F33C26E61F1D}
	EndGlobalSection
EndGlobal
